
Microsoft Visual Studio Solution File, Format Version 12.00
# Visual Studio Version 16
VisualStudioVersion = 16.0.29613.14
MinimumVisualStudioVersion = 10.0.40219.1
Project("{9A19103F-16F7-4668-BE54-9A1E7A4F7556}") = "BlockGame", "BlockGame\BlockGame.csproj", "{C79A44B6-6CB5-4837-BAA8-F0027D5B4A94}"
EndProject
Project("{FAE04EC0-301F-11D3-BF4B-00C04F79EFBC}") = "BiomeLevelsGenerator", "BiomeLevelsGenerator\BiomeLevelsGenerator.csproj", "{87406AEB-CCD4-4A23-85CA-C0B0A88EC890}"
EndProject
Global
	GlobalSection(SolutionConfigurationPlatforms) = preSolution
		Debug|Any CPU = Debug|Any CPU
		Release|Any CPU = Release|Any CPU
	EndGlobalSection
	GlobalSection(ProjectConfigurationPlatforms) = postSolution
		{C79A44B6-6CB5-4837-BAA8-F0027D5B4A94}.Debug|Any CPU.ActiveCfg = Debug|Any CPU
		{C79A44B6-6CB5-4837-BAA8-F0027D5B4A94}.Debug|Any CPU.Build.0 = Debug|Any CPU
		{C79A44B6-6CB5-4837-BAA8-F0027D5B4A94}.Release|Any CPU.ActiveCfg = Release|Any CPU
		{C79A44B6-6CB5-4837-BAA8-F0027D5B4A94}.Release|Any CPU.Build.0 = Release|Any CPU
		{87406AEB-CCD4-4A23-85CA-C0B0A88EC890}.Debug|Any CPU.ActiveCfg = Debug|Any CPU
		{87406AEB-CCD4-4A23-85CA-C0B0A88EC890}.Debug|Any CPU.Build.0 = Debug|Any CPU
		{87406AEB-CCD4-4A23-85CA-C0B0A88EC890}.Release|Any CPU.ActiveCfg = Release|Any CPU
		{87406AEB-CCD4-4A23-85CA-C0B0A88EC890}.Release|Any CPU.Build.0 = Release|Any CPU
	EndGlobalSection
	GlobalSection(SolutionProperties) = preSolution
		HideSolutionNode = FALSE
	EndGlobalSection
	GlobalSection(ExtensibilityGlobals) = postSolution
		SolutionGuid = {15523886-EA76-4ABE-98C3-4CEE4308CBDF}
	EndGlobalSection
EndGlobal
